{
  "name": "add-timestamp-to-events",
  "version": "1.0.0",
  "lockfileVersion": 3,
  "requires": true,
  "packages": {
    "": {
      "name": "add-timestamp-to-events",
      "version": "1.0.0",
      "license": "ISC",
      "dependencies": {
        "memphis-functions": "^1.0.2"
      }
    },
    "node_modules/memphis-functions": {
      "version": "1.0.2",
      "resolved": "https://registry.npmjs.org/memphis-functions/-/memphis-functions-1.0.2.tgz",
      "integrity": "sha512-yt36X0tGAPe+S5nOBefapglS09w4U4p2IojDriMH6U8Rg0WDnsamBlTERG44ZJ4aGsVO6InYsNC+C9903zqy8w=="
    }
  }
}
